
Microsoft Visual Studio Solution File, Format Version 12.00
Project("{FAE04EC0-301F-11D3-BF4B-00C04F79EFBC}") = "PulterkammeretShop", "PulterkammeretShop\PulterkammeretShop.csproj", "{6A2BF920-6353-441E-B2AA-C4BEF13E3DD2}"
EndProject
Global
	GlobalSection(SolutionConfigurationPlatforms) = preSolution
		Debug|Any CPU = Debug|Any CPU
		Release|Any CPU = Release|Any CPU
	EndGlobalSection
	GlobalSection(ProjectConfigurationPlatforms) = postSolution
		{6A2BF920-6353-441E-B2AA-C4BEF13E3DD2}.Debug|Any CPU.ActiveCfg = Debug|Any CPU
		{6A2BF920-6353-441E-B2AA-C4BEF13E3DD2}.Debug|Any CPU.Build.0 = Debug|Any CPU
		{6A2BF920-6353-441E-B2AA-C4BEF13E3DD2}.Release|Any CPU.ActiveCfg = Release|Any CPU
		{6A2BF920-6353-441E-B2AA-C4BEF13E3DD2}.Release|Any CPU.Build.0 = Release|Any CPU
	EndGlobalSection
EndGlobal
